Microsoft Visual Studio Solution File, Format Version 12.00
# Visual Studio Version 17
VisualStudioVersion = 17.5.2.0
MinimumVisualStudioVersion = 10.0.40219.1
Project("{FAE04EC0-301F-11D3-BF4B-00C04F79EFBC}") = "Barangay", "Barangay.csproj", "{A54D38F2-3607-3C3D-50AE-29F58EC89B5D}"
EndProject
Global
	GlobalSection(SolutionConfigurationPlatforms) = preSolution
		Debug|Any CPU = Debug|Any CPU
		Release|Any CPU = Release|Any CPU
	EndGlobalSection
	GlobalSection(ProjectConfigurationPlatforms) = postSolution
		{A54D38F2-3607-3C3D-50AE-29F58EC89B5D}.Debug|Any CPU.ActiveCfg = Debug|Any CPU
		{A54D38F2-3607-3C3D-50AE-29F58EC89B5D}.Debug|Any CPU.Build.0 = Debug|Any CPU
		{A54D38F2-3607-3C3D-50AE-29F58EC89B5D}.Release|Any CPU.ActiveCfg = Release|Any CPU
		{A54D38F2-3607-3C3D-50AE-29F58EC89B5D}.Release|Any CPU.Build.0 = Release|Any CPU
	EndGlobalSection
	GlobalSection(SolutionProperties) = preSolution
		HideSolutionNode = FALSE
	EndGlobalSection
	GlobalSection(ExtensibilityGlobals) = postSolution
		SolutionGuid = {B8F0612A-78E8-412F-8622-D288722B853B}
	EndGlobalSection
EndGlobal
